
Microsoft Visual Studio Solution File, Format Version 12.00
# Visual Studio Version 17
VisualStudioVersion = 17.4.33213.308
MinimumVisualStudioVersion = 10.0.40219.1
Project("{9A19103F-16F7-4668-BE54-9A1E7A4F7556}") = "AspNetSamples.Mvc", "AspNetSamples.Mvc\AspNetSamples.Mvc.csproj", "{1C70EAE3-315F-4B32-AC71-52EB3D501E4D}"
EndProject
Project("{9A19103F-16F7-4668-BE54-9A1E7A4F7556}") = "AspNetSamples.Data", "AspNetSamples.Data\AspNetSamples.Data.csproj", "{A46C3EE4-ECDA-4047-BA64-4C8789FD38BF}"
EndProject
Project("{9A19103F-16F7-4668-BE54-9A1E7A4F7556}") = "AspNetSamples.Abstractions", "AspNetSamples.Abstractions\AspNetSamples.Abstractions.csproj", "{3D187287-7EA1-4FFB-83D2-99D50542D844}"
EndProject
Project("{9A19103F-16F7-4668-BE54-9A1E7A4F7556}") = "AspNetSamples.Business", "AspNetSamples.Business\AspNetSamples.Business.csproj", "{E5B9FC18-4BBA-483B-A95B-2035B6EE143F}"
EndProject
Project("{9A19103F-16F7-4668-BE54-9A1E7A4F7556}") = "AspNetSamples.Core", "AspNetSamples.Core\AspNetSamples.Core.csproj", "{D6534FF9-6D0B-4D52-AAB5-4A028F2E9492}"
EndProject
Project("{9A19103F-16F7-4668-BE54-9A1E7A4F7556}") = "AspNetSamples.Repositories", "AspNetSamples.Reposiories\AspNetSamples.Repositories.csproj", "{4F6CD8B1-B341-4570-A94E-3299A03A4923}"
EndProject
Project("{9A19103F-16F7-4668-BE54-9A1E7A4F7556}") = "AspNetSamples.WebAPI", "AspNetSamples.WebAPI\AspNetSamples.WebAPI.csproj", "{94E02E31-E926-4C66-9693-0DD249C798D8}"
EndProject
Project("{9A19103F-16F7-4668-BE54-9A1E7A4F7556}") = "AspNetSamples.Data.CQS", "AspNetSamples.Data.CQS\AspNetSamples.Data.CQS.csproj", "{0621BDF5-32C4-48C1-8804-EAFB0C6E61C0}"
EndProject
Project("{2150E333-8FDC-42A3-9474-1A3956D46DE8}") = "Tests", "Tests", "{CAE84D56-8F57-4591-85F3-27D2EC36AD33}"
EndProject
Project("{FAE04EC0-301F-11D3-BF4B-00C04F79EFBC}") = "AspNetSamples.Business.Tests", "AspNetSamples.Business.Tests\AspNetSamples.Business.Tests.csproj", "{F6AD0E37-B12A-44B7-A377-354E4447103D}"
EndProject
Global
	GlobalSection(SolutionConfigurationPlatforms) = preSolution
		Debug|Any CPU = Debug|Any CPU
		Release|Any CPU = Release|Any CPU
	EndGlobalSection
	GlobalSection(ProjectConfigurationPlatforms) = postSolution
		{1C70EAE3-315F-4B32-AC71-52EB3D501E4D}.Debug|Any CPU.ActiveCfg = Debug|Any CPU
		{1C70EAE3-315F-4B32-AC71-52EB3D501E4D}.Debug|Any CPU.Build.0 = Debug|Any CPU
		{1C70EAE3-315F-4B32-AC71-52EB3D501E4D}.Release|Any CPU.ActiveCfg = Release|Any CPU
		{1C70EAE3-315F-4B32-AC71-52EB3D501E4D}.Release|Any CPU.Build.0 = Release|Any CPU
		{A46C3EE4-ECDA-4047-BA64-4C8789FD38BF}.Debug|Any CPU.ActiveCfg = Debug|Any CPU
		{A46C3EE4-ECDA-4047-BA64-4C8789FD38BF}.Debug|Any CPU.Build.0 = Debug|Any CPU
		{A46C3EE4-ECDA-4047-BA64-4C8789FD38BF}.Release|Any CPU.ActiveCfg = Release|Any CPU
		{A46C3EE4-ECDA-4047-BA64-4C8789FD38BF}.Release|Any CPU.Build.0 = Release|Any CPU
		{3D187287-7EA1-4FFB-83D2-99D50542D844}.Debug|Any CPU.ActiveCfg = Debug|Any CPU
		{3D187287-7EA1-4FFB-83D2-99D50542D844}.Debug|Any CPU.Build.0 = Debug|Any CPU
		{3D187287-7EA1-4FFB-83D2-99D50542D844}.Release|Any CPU.ActiveCfg = Release|Any CPU
		{3D187287-7EA1-4FFB-83D2-99D50542D844}.Release|Any CPU.Build.0 = Release|Any CPU
		{E5B9FC18-4BBA-483B-A95B-2035B6EE143F}.Debug|Any CPU.ActiveCfg = Debug|Any CPU
		{E5B9FC18-4BBA-483B-A95B-2035B6EE143F}.Debug|Any CPU.Build.0 = Debug|Any CPU
		{E5B9FC18-4BBA-483B-A95B-2035B6EE143F}.Release|Any CPU.ActiveCfg = Release|Any CPU
		{E5B9FC18-4BBA-483B-A95B-2035B6EE143F}.Release|Any CPU.Build.0 = Release|Any CPU
		{D6534FF9-6D0B-4D52-AAB5-4A028F2E9492}.Debug|Any CPU.ActiveCfg = Debug|Any CPU
		{D6534FF9-6D0B-4D52-AAB5-4A028F2E9492}.Debug|Any CPU.Build.0 = Debug|Any CPU
		{D6534FF9-6D0B-4D52-AAB5-4A028F2E9492}.Release|Any CPU.ActiveCfg = Release|Any CPU
		{D6534FF9-6D0B-4D52-AAB5-4A028F2E9492}.Release|Any CPU.Build.0 = Release|Any CPU
		{4F6CD8B1-B341-4570-A94E-3299A03A4923}.Debug|Any CPU.ActiveCfg = Debug|Any CPU
		{4F6CD8B1-B341-4570-A94E-3299A03A4923}.Debug|Any CPU.Build.0 = Debug|Any CPU
		{4F6CD8B1-B341-4570-A94E-3299A03A4923}.Release|Any CPU.ActiveCfg = Release|Any CPU
		{4F6CD8B1-B341-4570-A94E-3299A03A4923}.Release|Any CPU.Build.0 = Release|Any CPU
		{94E02E31-E926-4C66-9693-0DD249C798D8}.Debug|Any CPU.ActiveCfg = Debug|Any CPU
		{94E02E31-E926-4C66-9693-0DD249C798D8}.Debug|Any CPU.Build.0 = Debug|Any CPU
		{94E02E31-E926-4C66-9693-0DD249C798D8}.Release|Any CPU.ActiveCfg = Release|Any CPU
		{94E02E31-E926-4C66-9693-0DD249C798D8}.Release|Any CPU.Build.0 = Release|Any CPU
		{0621BDF5-32C4-48C1-8804-EAFB0C6E61C0}.Debug|Any CPU.ActiveCfg = Debug|Any CPU
		{0621BDF5-32C4-48C1-8804-EAFB0C6E61C0}.Debug|Any CPU.Build.0 = Debug|Any CPU
		{0621BDF5-32C4-48C1-8804-EAFB0C6E61C0}.Release|Any CPU.ActiveCfg = Release|Any CPU
		{0621BDF5-32C4-48C1-8804-EAFB0C6E61C0}.Release|Any CPU.Build.0 = Release|Any CPU
		{F6AD0E37-B12A-44B7-A377-354E4447103D}.Debug|Any CPU.ActiveCfg = Debug|Any CPU
		{F6AD0E37-B12A-44B7-A377-354E4447103D}.Debug|Any CPU.Build.0 = Debug|Any CPU
		{F6AD0E37-B12A-44B7-A377-354E4447103D}.Release|Any CPU.ActiveCfg = Release|Any CPU
		{F6AD0E37-B12A-44B7-A377-354E4447103D}.Release|Any CPU.Build.0 = Release|Any CPU
	EndGlobalSection
	GlobalSection(SolutionProperties) = preSolution
		HideSolutionNode = FALSE
	EndGlobalSection
	GlobalSection(NestedProjects) = preSolution
		{F6AD0E37-B12A-44B7-A377-354E4447103D} = {CAE84D56-8F57-4591-85F3-27D2EC36AD33}
	EndGlobalSection
	GlobalSection(ExtensibilityGlobals) = postSolution
		SolutionGuid = {EE4EF2F9-C692-4D15-8936-C1CF723ECBC6}
	EndGlobalSection
EndGlobal
